
Microsoft Visual Studio Solution File, Format Version 12.00
# Visual Studio Version 17
VisualStudioVersion = 17.10.35122.118
MinimumVisualStudioVersion = 10.0.40219.1
Project("{FAE04EC0-301F-11D3-BF4B-00C04F79EFBC}") = "Space-Task", "Space-Task\Space-Task.csproj", "{44958B72-C570-4E2C-B2C1-CA3B83DD8E47}"
EndProject
Project("{FAE04EC0-301F-11D3-BF4B-00C04F79EFBC}") = "Core", "Core\Core.csproj", "{14ADB8CB-51F6-4A65-A6DC-07A744982B31}"
EndProject
Global
	GlobalSection(SolutionConfigurationPlatforms) = preSolution
		Debug|Any CPU = Debug|Any CPU
		Release|Any CPU = Release|Any CPU
	EndGlobalSection
	GlobalSection(ProjectConfigurationPlatforms) = postSolution
		{44958B72-C570-4E2C-B2C1-CA3B83DD8E47}.Debug|Any CPU.ActiveCfg = Debug|Any CPU
		{44958B72-C570-4E2C-B2C1-CA3B83DD8E47}.Debug|Any CPU.Build.0 = Debug|Any CPU
		{44958B72-C570-4E2C-B2C1-CA3B83DD8E47}.Release|Any CPU.ActiveCfg = Release|Any CPU
		{44958B72-C570-4E2C-B2C1-CA3B83DD8E47}.Release|Any CPU.Build.0 = Release|Any CPU
		{14ADB8CB-51F6-4A65-A6DC-07A744982B31}.Debug|Any CPU.ActiveCfg = Debug|Any CPU
		{14ADB8CB-51F6-4A65-A6DC-07A744982B31}.Debug|Any CPU.Build.0 = Debug|Any CPU
		{14ADB8CB-51F6-4A65-A6DC-07A744982B31}.Release|Any CPU.ActiveCfg = Release|Any CPU
		{14ADB8CB-51F6-4A65-A6DC-07A744982B31}.Release|Any CPU.Build.0 = Release|Any CPU
	EndGlobalSection
	GlobalSection(SolutionProperties) = preSolution
		HideSolutionNode = FALSE
	EndGlobalSection
	GlobalSection(ExtensibilityGlobals) = postSolution
		SolutionGuid = {D0A4B9D1-03C3-426D-A266-B4C6E50E0275}
	EndGlobalSection
EndGlobal
